<?xml version="1.0" encoding="utf-8"?>
<Project ToolsVersion="4.0" xmlns="http://schemas.microsoft.com/developer/msbuild/2003">
  <ItemGroup>
    <Filter Include="Main">
      <UniqueIdentifier>{10fef5ac-f927-4839-a993-9ba0aabe7691}</UniqueIdentifier>
    </Filter>
    <Filter Include="Utils">
      <UniqueIdentifier>{aec62d9b-3dca-44e9-a534-5c310cea500d}</UniqueIdentifier>
    </Filter>
    <Filter Include="Protocol">
      <UniqueIdentifier>{0843b7eb-6ae6-4192-b936-af029c3caa55}</UniqueIdentifier>
    </Filter>
    <Filter Include="Struct">
      <UniqueIdentifier>{ef78d37a-f849-4a8e-a7f3-582333e837b4}</UniqueIdentifier>
    </Filter>
  </ItemGroup>
  <ItemGroup>
    <ClCompile Include="pch.cpp">
      <Filter>Utils</Filter>
    </ClCompile>
    <ClCompile Include="DummyClient.cpp">
      <Filter>Main</Filter>
    </ClCompile>
    <ClCompile Include="ServerPacketHandler.cpp">
      <Filter>Main</Filter>
    </ClCompile>
    <ClCompile Include="Protocol.pb.cc">
      <Filter>Protocol</Filter>
    </ClCompile>
    <ClCompile Include="Struct.pb.cc">
      <Filter>Protocol</Filter>
    </ClCompile>
    <ClCompile Include="Enum.pb.cc">
      <Filter>Protocol</Filter>
    </ClCompile>
    <ClCompile Include="ClientPlayer.cpp">
      <Filter>Main</Filter>
    </ClCompile>
    <ClCompile Include="ServerSession.cpp">
      <Filter>Main</Filter>
    </ClCompile>
    <ClCompile Include="TempStruct.cpp">
      <Filter>Struct</Filter>
    </ClCompile>
    <ClCompile Include="DummyStructManager.cpp">
      <Filter>Struct</Filter>
    </ClCompile>
    <ClCompile Include="Structs.cpp">
      <Filter>Struct</Filter>
    </ClCompile>
  </ItemGroup>
  <ItemGroup>
    <ClInclude Include="pch.h">
      <Filter>Utils</Filter>
    </ClInclude>
    <ClInclude Include="ServerPacketHandler.h">
      <Filter>Main</Filter>
    </ClInclude>
    <ClInclude Include="Protocol.pb.h">
      <Filter>Protocol</Filter>
    </ClInclude>
    <ClInclude Include="Struct.pb.h">
      <Filter>Protocol</Filter>
    </ClInclude>
    <ClInclude Include="Enum.pb.h">
      <Filter>Protocol</Filter>
    </ClInclude>
    <ClInclude Include="ClientPlayer.h">
      <Filter>Main</Filter>
    </ClInclude>
    <ClInclude Include="ServerSession.h">
      <Filter>Main</Filter>
    </ClInclude>
    <ClInclude Include="TempStruct.h">
      <Filter>Struct</Filter>
    </ClInclude>
    <ClInclude Include="DummyStructManager.h">
      <Filter>Struct</Filter>
    </ClInclude>
    <ClInclude Include="Structs.h">
      <Filter>Struct</Filter>
    </ClInclude>
  </ItemGroup>
  <ItemGroup>
    <None Include="..\Common\Protobuf\bin\Enum.proto">
      <Filter>Protocol</Filter>
    </None>
    <None Include="..\Common\Protobuf\bin\Protocol.proto">
      <Filter>Protocol</Filter>
    </None>
    <None Include="..\Common\Protobuf\bin\Struct.proto">
      <Filter>Protocol</Filter>
    </None>
    <None Include="..\Common\Protobuf\bin\GenPacket.bat">
      <Filter>Protocol</Filter>
    </None>
  </ItemGroup>
</Project>